{
  "nodes": {
    "nixpkgs": {
      "locked": {
        "lastModified": 1790689126,
        "narHash": "sha256-ilerN1WLSvF+HMjziC/Wv99J5y02maDH+6hZPwsORKg=",
        "owner": "NixOS",
        "repo": "nixpkgs",
        "rev": "b4fd65b198c599cbe814fcb9f42d25d021595ec9",
        "type": "github"
      },
      "original": {
        "owner": "NixOS",
        "ref": "nixos-unstable",
        "repo": "nixpkgs",
        "type": "github"
      }
    },
    "nixpkgs-legacy": {
      "locked": {
        "lastModified": 1767313136,
        "narHash": "sha256-16KkgfdYqjaeRGBaYsNrhPRRENs0qzkQVUooNHtoy2w=",
        "owner": "NixOS",
        "repo": "nixpkgs",
        "rev": "ac62194c3917d5f474c1a844b6fd6da2db95077d",
        "type": "github"
      },
      "original": {
        "owner": "NixOS",
        "ref": "nixos-25.05",
        "repo": "nixpkgs",
        "type": "github"
      }
    },
    "pyproject-build-systems": {
      "inputs": {
        "nixpkgs": [
          "ssrjson-nix-dev",
          "nixpkgs"
        ],
        "pyproject-nix": [
          "ssrjson-nix-dev",
          "pyproject-nix"
        ],
        "uv2nix": [
          "ssrjson-nix-dev",
          "uv2nix"
        ]
      },
      "locked": {
        "lastModified": 1790565003,
        "narHash": "sha256-q4W45pwcae0gK41vxzqfmXOnODGKfduLJJdraPHYXcY=",
        "owner": "pyproject-nix",
        "repo": "build-system-pkgs",
        "rev": "c84c47bba26ea303eaefc137ab48307fe57a1be1",
        "type": "github"
      },
      "original": {
        "owner": "pyproject-nix",
        "repo": "build-system-pkgs",
        "type": "github"
      }
    },
    "pyproject-nix": {
      "inputs": {
        "nixpkgs": [
          "ssrjson-nix-dev",
          "nixpkgs"
        ]
      },
      "locked": {
        "lastModified": 1788394333,
        "narHash": "sha256-xYOP0Xym1eVGUaHFx+eJEaycFGoiCbst3fZf0xFHP78=",
        "owner": "pyproject-nix",
        "repo": "pyproject.nix",
        "rev": "6a8a7881d75b6f98967e7b8069f4ead331384301",
        "type": "github"
      },
      "original": {
        "owner": "pyproject-nix",
        "repo": "pyproject.nix",
        "type": "github"
      }
    },
    "root": {
      "inputs": {
        "ssrjson-nix-dev": "ssrjson-nix-dev",
        "ssrjson_": "ssrjson_"
      }
    },
    "ssrjson-nix-dev": {
      "inputs": {
        "nixpkgs": "nixpkgs",
        "nixpkgs-legacy": "nixpkgs-legacy",
        "pyproject-build-systems": "pyproject-build-systems",
        "pyproject-nix": "pyproject-nix",
        "uv2nix": "uv2nix"
      },
      "locked": {
        "lastModified": 1790848321,
        "narHash": "sha256-i0kx5zRZ/na+M9+/zTLyp02/ob2k4RbkDCpvISmdfSU=",
        "owner": "antares0982",
        "repo": "ssrjson-nix-dev",
        "rev": "3116d096e5d260b174ff407b7aefde27f38490e9",
        "type": "github"
      },
      "original": {
        "owner": "antares0982",
        "repo": "ssrjson-nix-dev",
        "type": "github"
      }
    },
    "ssrjson_": {
      "inputs": {
        "ssrjson-nix-dev": [
          "ssrjson-nix-dev"
        ]
      },
      "locked": {
        "lastModified": 1790846861,
        "narHash": "sha256-i7z3a3TudUFHswRfeuI6CyW1tGHfEHnu63cSUa8x8hg=",
        "owner": "antares0982",
        "repo": "ssrjson",
        "rev": "a3015a73b0b51e6940d24267da98d3b9bb8bed51",
        "type": "github"
      },
      "original": {
        "owner": "antares0982",
        "repo": "ssrjson",
        "type": "github"
      }
    },
    "uv2nix": {
      "inputs": {
        "nixpkgs": [
          "ssrjson-nix-dev",
          "nixpkgs"
        ],
        "pyproject-nix": [
          "ssrjson-nix-dev",
          "pyproject-nix"
        ]
      },
      "locked": {
        "lastModified": 1790341335,
        "narHash": "sha256-wFnDm/o/4OebDlpGFyVXP8DLUx0/gR/jUFuGqmTwsQg=",
        "owner": "pyproject-nix",
        "repo": "uv2nix",
        "rev": "a24323e9e6ecbbf305c238845ff6c612d50467c0",
        "type": "github"
      },
      "original": {
        "owner": "pyproject-nix",
        "repo": "uv2nix",
        "type": "github"
      }
    }
  },
  "root": "root",
  "version": 7
}
