{
  "nodes": {
    "nixpkgs": {
      "locked": {
        "lastModified": 1759381078,
        "narHash": "sha256-gTrEEp5gEspIcCOx9PD8kMaF1iEmfBcTbO0Jag2QhQs=",
        "owner": "NixOS",
        "repo": "nixpkgs",
        "rev": "7df7ff7d8e00218376575f0acdcc5d66741351ee",
        "type": "github"
      },
      "original": {
        "owner": "NixOS",
        "ref": "nixos-unstable",
        "repo": "nixpkgs",
        "type": "github"
      }
    },
    "nixpkgs-legacy": {
      "locked": {
        "lastModified": 1751274312,
        "narHash": "sha256-/bVBlRpECLVzjV19t5KMdMFWSwKLtb5RyXdjz3LJT+g=",
        "owner": "NixOS",
        "repo": "nixpkgs",
        "rev": "50ab793786d9de88ee30ec4e4c24fb4236fc2674",
        "type": "github"
      },
      "original": {
        "owner": "NixOS",
        "ref": "nixos-24.11",
        "repo": "nixpkgs",
        "type": "github"
      }
    },
    "root": {
      "inputs": {
        "nixpkgs": "nixpkgs",
        "ssrjson_": "ssrjson_"
      }
    },
    "ssrjson_": {
      "inputs": {
        "nixpkgs": [
          "nixpkgs"
        ],
        "nixpkgs-legacy": "nixpkgs-legacy"
      },
      "locked": {
        "lastModified": 1759660610,
        "narHash": "sha256-rJ0TDv/aBO9ZI0MFLtd5Br8SVa6dkLqEoy7/6ONgeXQ=",
        "owner": "antares0982",
        "repo": "ssrjson",
        "rev": "b8c478421f1a596d05e4d6d38f2e35349ae61a58",
        "type": "github"
      },
      "original": {
        "owner": "antares0982",
        "repo": "ssrjson",
        "type": "github"
      }
    }
  },
  "root": "root",
  "version": 7
}
