{
  "nodes": {
    "nixpkgs": {
      "locked": {
        "lastModified": 1764667669,
        "narHash": "sha256-7WUCZfmqLAssbDqwg9cUDAXrSoXN79eEEq17qhTNM/Y=",
        "owner": "NixOS",
        "repo": "nixpkgs",
        "rev": "418468ac9527e799809c900eda37cbff999199b6",
        "type": "github"
      },
      "original": {
        "owner": "NixOS",
        "ref": "nixos-unstable",
        "repo": "nixpkgs",
        "type": "github"
      }
    },
    "nixpkgs-legacy": {
      "locked": {
        "lastModified": 1763622513,
        "narHash": "sha256-1jQnuyu82FpiSxowrF/iFK6Toh9BYprfDqfs4BB+19M=",
        "owner": "NixOS",
        "repo": "nixpkgs",
        "rev": "c58bc7f5459328e4afac201c5c4feb7c818d604b",
        "type": "github"
      },
      "original": {
        "owner": "NixOS",
        "ref": "nixos-25.05",
        "repo": "nixpkgs",
        "type": "github"
      }
    },
    "root": {
      "inputs": {
        "nixpkgs": "nixpkgs",
        "ssrjson_": "ssrjson_"
      }
    },
    "ssrjson_": {
      "inputs": {
        "nixpkgs": [
          "nixpkgs"
        ],
        "nixpkgs-legacy": "nixpkgs-legacy"
      },
      "locked": {
        "lastModified": 1764944964,
        "narHash": "sha256-9OgmJK9Gc/IXvXkLJvg6liWmWZGF/nUG6SFuPe4Ktwc=",
        "owner": "antares0982",
        "repo": "ssrjson",
        "rev": "b9959c49b4e092adc423bf2bbb275f484bb37b83",
        "type": "github"
      },
      "original": {
        "owner": "antares0982",
        "repo": "ssrjson",
        "type": "github"
      }
    }
  },
  "root": "root",
  "version": 7
}
